
Microsoft Visual Studio Solution File, Format Version 12.00
# Visual Studio Version 16
VisualStudioVersion = 16.0.29424.173
MinimumVisualStudioVersion = 10.0.40219.1
Project("{FAE04EC0-301F-11D3-BF4B-00C04F79EFBC}") = "zmLinuxWeb", "zmLinuxWeb.csproj", "{A000E006-6AFC-4181-A94A-431F530E5CE2}"
EndProject
Global
	GlobalSection(SolutionConfigurationPlatforms) = preSolution
		Debug|Any CPU = Debug|Any CPU
		Release|Any CPU = Release|Any CPU
	EndGlobalSection
	GlobalSection(ProjectConfigurationPlatforms) = postSolution
		{A000E006-6AFC-4181-A94A-431F530E5CE2}.Debug|Any CPU.ActiveCfg = Debug|Any CPU
		{A000E006-6AFC-4181-A94A-431F530E5CE2}.Debug|Any CPU.Build.0 = Debug|Any CPU
		{A000E006-6AFC-4181-A94A-431F530E5CE2}.Release|Any CPU.ActiveCfg = Release|Any CPU
		{A000E006-6AFC-4181-A94A-431F530E5CE2}.Release|Any CPU.Build.0 = Release|Any CPU
	EndGlobalSection
	GlobalSection(SolutionProperties) = preSolution
		HideSolutionNode = FALSE
	EndGlobalSection
	GlobalSection(ExtensibilityGlobals) = postSolution
		SolutionGuid = {0D0D18A7-4C4A-4D2F-BD7B-803F51FADFDF}
	EndGlobalSection
EndGlobal
